
Microsoft Visual Studio Solution File, Format Version 9.00
# Visual Studio 2005
Project("{8BC9CEB8-8B4A-11D0-8D11-00A0C91BC942}") = "libsakusen", "..\..\libsakusen\ide\msvc8\libsakusen.vcproj", "{57C8FBC1-74EC-4F27-A964-89B1D475A982}"
EndProject
Project("{8BC9CEB8-8B4A-11D0-8D11-00A0C91BC942}") = "libsakusen-comms", "..\..\libsakusen\comms\ide\msvc8\libsakusen-comms.vcproj", "{5CD05372-DD2D-48B4-B7F2-E8861CF345F7}"
	ProjectSection(ProjectDependencies) = postProject
		{57C8FBC1-74EC-4F27-A964-89B1D475A982} = {57C8FBC1-74EC-4F27-A964-89B1D475A982}
	EndProjectSection
EndProject
Project("{8BC9CEB8-8B4A-11D0-8D11-00A0C91BC942}") = "libsakusen-server", "..\..\libsakusen\server\ide\msvc8\libsakusen-server.vcproj", "{8B705117-2954-465C-82CC-98C20598B4E3}"
	ProjectSection(ProjectDependencies) = postProject
		{57C8FBC1-74EC-4F27-A964-89B1D475A982} = {57C8FBC1-74EC-4F27-A964-89B1D475A982}
	EndProjectSection
EndProject
Project("{8BC9CEB8-8B4A-11D0-8D11-00A0C91BC942}") = "libsakusen-client", "..\..\libsakusen\client\ide\msvc8\libsakusen-client.vcproj", "{3E022526-106C-4C4B-987D-A7D476EF37C1}"
	ProjectSection(ProjectDependencies) = postProject
		{57C8FBC1-74EC-4F27-A964-89B1D475A982} = {57C8FBC1-74EC-4F27-A964-89B1D475A982}
	EndProjectSection
EndProject
Project("{8BC9CEB8-8B4A-11D0-8D11-00A0C91BC942}") = "libsakusen-resources", "..\..\libsakusen\resources\ide\msvc8\libsakusen-resources.vcproj", "{FBCB6B17-6F57-41DF-BB3B-3AA74B44E7BE}"
	ProjectSection(ProjectDependencies) = postProject
		{57C8FBC1-74EC-4F27-A964-89B1D475A982} = {57C8FBC1-74EC-4F27-A964-89B1D475A982}
		{5CD05372-DD2D-48B4-B7F2-E8861CF345F7} = {5CD05372-DD2D-48B4-B7F2-E8861CF345F7}
	EndProjectSection
EndProject
Project("{8BC9CEB8-8B4A-11D0-8D11-00A0C91BC942}") = "libsakusen-resources-test", "..\..\libsakusen\resources\test\ide\msvc8\libsakusen-resources-test.vcproj", "{1CB628B3-89A4-4238-ABC6-A71B53AA7764}"
	ProjectSection(ProjectDependencies) = postProject
		{57C8FBC1-74EC-4F27-A964-89B1D475A982} = {57C8FBC1-74EC-4F27-A964-89B1D475A982}
		{5CD05372-DD2D-48B4-B7F2-E8861CF345F7} = {5CD05372-DD2D-48B4-B7F2-E8861CF345F7}
		{FBCB6B17-6F57-41DF-BB3B-3AA74B44E7BE} = {FBCB6B17-6F57-41DF-BB3B-3AA74B44E7BE}
	EndProjectSection
EndProject
Project("{8BC9CEB8-8B4A-11D0-8D11-00A0C91BC942}") = "fuseki", "..\..\fuseki\ide\msvc8\fuseki.vcproj", "{00AD53E0-AD97-4512-8615-14A566EE2E4D}"
	ProjectSection(ProjectDependencies) = postProject
		{57C8FBC1-74EC-4F27-A964-89B1D475A982} = {57C8FBC1-74EC-4F27-A964-89B1D475A982}
		{5CD05372-DD2D-48B4-B7F2-E8861CF345F7} = {5CD05372-DD2D-48B4-B7F2-E8861CF345F7}
		{BF0D6147-4B74-4105-9105-8613E0B9067C} = {BF0D6147-4B74-4105-9105-8613E0B9067C}
		{FBCB6B17-6F57-41DF-BB3B-3AA74B44E7BE} = {FBCB6B17-6F57-41DF-BB3B-3AA74B44E7BE}
		{8B705117-2954-465C-82CC-98C20598B4E3} = {8B705117-2954-465C-82CC-98C20598B4E3}
	EndProjectSection
EndProject
Project("{8BC9CEB8-8B4A-11D0-8D11-00A0C91BC942}") = "liboptimal", "..\..\liboptimal\ide\msvc8\liboptimal.vcproj", "{BF0D6147-4B74-4105-9105-8613E0B9067C}"
EndProject
Project("{8BC9CEB8-8B4A-11D0-8D11-00A0C91BC942}") = "tedomari", "..\..\tedomari\ide\msvc8\tedomari.vcproj", "{856F9BB0-0417-44A7-8193-60FE95D016BB}"
	ProjectSection(ProjectDependencies) = postProject
		{FBCB6B17-6F57-41DF-BB3B-3AA74B44E7BE} = {FBCB6B17-6F57-41DF-BB3B-3AA74B44E7BE}
		{BF0D6147-4B74-4105-9105-8613E0B9067C} = {BF0D6147-4B74-4105-9105-8613E0B9067C}
		{57C8FBC1-74EC-4F27-A964-89B1D475A982} = {57C8FBC1-74EC-4F27-A964-89B1D475A982}
		{5CD05372-DD2D-48B4-B7F2-E8861CF345F7} = {5CD05372-DD2D-48B4-B7F2-E8861CF345F7}
		{3E022526-106C-4C4B-987D-A7D476EF37C1} = {3E022526-106C-4C4B-987D-A7D476EF37C1}
	EndProjectSection
EndProject
Global
	GlobalSection(SolutionConfigurationPlatforms) = preSolution
		Debug|Win32 = Debug|Win32
		Release|Win32 = Release|Win32
	EndGlobalSection
	GlobalSection(ProjectConfigurationPlatforms) = postSolution
		{57C8FBC1-74EC-4F27-A964-89B1D475A982}.Debug|Win32.ActiveCfg = Debug|Win32
		{57C8FBC1-74EC-4F27-A964-89B1D475A982}.Debug|Win32.Build.0 = Debug|Win32
		{57C8FBC1-74EC-4F27-A964-89B1D475A982}.Release|Win32.ActiveCfg = Release|Win32
		{57C8FBC1-74EC-4F27-A964-89B1D475A982}.Release|Win32.Build.0 = Release|Win32
		{5CD05372-DD2D-48B4-B7F2-E8861CF345F7}.Debug|Win32.ActiveCfg = Debug|Win32
		{5CD05372-DD2D-48B4-B7F2-E8861CF345F7}.Debug|Win32.Build.0 = Debug|Win32
		{5CD05372-DD2D-48B4-B7F2-E8861CF345F7}.Release|Win32.ActiveCfg = Release|Win32
		{5CD05372-DD2D-48B4-B7F2-E8861CF345F7}.Release|Win32.Build.0 = Release|Win32
		{8B705117-2954-465C-82CC-98C20598B4E3}.Debug|Win32.ActiveCfg = Debug|Win32
		{8B705117-2954-465C-82CC-98C20598B4E3}.Debug|Win32.Build.0 = Debug|Win32
		{8B705117-2954-465C-82CC-98C20598B4E3}.Release|Win32.ActiveCfg = Release|Win32
		{8B705117-2954-465C-82CC-98C20598B4E3}.Release|Win32.Build.0 = Release|Win32
		{3E022526-106C-4C4B-987D-A7D476EF37C1}.Debug|Win32.ActiveCfg = Debug|Win32
		{3E022526-106C-4C4B-987D-A7D476EF37C1}.Debug|Win32.Build.0 = Debug|Win32
		{3E022526-106C-4C4B-987D-A7D476EF37C1}.Release|Win32.ActiveCfg = Release|Win32
		{3E022526-106C-4C4B-987D-A7D476EF37C1}.Release|Win32.Build.0 = Release|Win32
		{FBCB6B17-6F57-41DF-BB3B-3AA74B44E7BE}.Debug|Win32.ActiveCfg = Debug|Win32
		{FBCB6B17-6F57-41DF-BB3B-3AA74B44E7BE}.Debug|Win32.Build.0 = Debug|Win32
		{FBCB6B17-6F57-41DF-BB3B-3AA74B44E7BE}.Release|Win32.ActiveCfg = Release|Win32
		{FBCB6B17-6F57-41DF-BB3B-3AA74B44E7BE}.Release|Win32.Build.0 = Release|Win32
		{1CB628B3-89A4-4238-ABC6-A71B53AA7764}.Debug|Win32.ActiveCfg = Debug|Win32
		{1CB628B3-89A4-4238-ABC6-A71B53AA7764}.Debug|Win32.Build.0 = Debug|Win32
		{1CB628B3-89A4-4238-ABC6-A71B53AA7764}.Release|Win32.ActiveCfg = Release|Win32
		{1CB628B3-89A4-4238-ABC6-A71B53AA7764}.Release|Win32.Build.0 = Release|Win32
		{00AD53E0-AD97-4512-8615-14A566EE2E4D}.Debug|Win32.ActiveCfg = Debug|Win32
		{00AD53E0-AD97-4512-8615-14A566EE2E4D}.Debug|Win32.Build.0 = Debug|Win32
		{00AD53E0-AD97-4512-8615-14A566EE2E4D}.Release|Win32.ActiveCfg = Release|Win32
		{00AD53E0-AD97-4512-8615-14A566EE2E4D}.Release|Win32.Build.0 = Release|Win32
		{BF0D6147-4B74-4105-9105-8613E0B9067C}.Debug|Win32.ActiveCfg = Debug|Win32
		{BF0D6147-4B74-4105-9105-8613E0B9067C}.Debug|Win32.Build.0 = Debug|Win32
		{BF0D6147-4B74-4105-9105-8613E0B9067C}.Release|Win32.ActiveCfg = Release|Win32
		{BF0D6147-4B74-4105-9105-8613E0B9067C}.Release|Win32.Build.0 = Release|Win32
		{856F9BB0-0417-44A7-8193-60FE95D016BB}.Debug|Win32.ActiveCfg = Debug|Win32
		{856F9BB0-0417-44A7-8193-60FE95D016BB}.Debug|Win32.Build.0 = Debug|Win32
		{856F9BB0-0417-44A7-8193-60FE95D016BB}.Release|Win32.ActiveCfg = Release|Win32
		{856F9BB0-0417-44A7-8193-60FE95D016BB}.Release|Win32.Build.0 = Release|Win32
	EndGlobalSection
	GlobalSection(SolutionProperties) = preSolution
		HideSolutionNode = FALSE
	EndGlobalSection
EndGlobal
