
Microsoft Visual Studio Solution File, Format Version 10.00
# Visual Studio 2008
Project("{2150E333-8FDC-42A3-9474-1A3956D46DE8}") = "Solution Items", "Solution Items", "{4C28892A-27FA-475E-B14E-9E6907120EDA}"
EndProject
Project("{2150E333-8FDC-42A3-9474-1A3956D46DE8}") = "python-bindings", "python-bindings", "{1ED7220A-FBA4-4007-B372-5B52971BEB72}"
EndProject
Project("{8BC9CEB8-8B4A-11D0-8D11-00A0C91BC942}") = "libsakusen", "..\..\libsakusen\ide\msvc8\libsakusen.vcproj", "{57C8FBC1-74EC-4F27-A964-89B1D475A982}"
	ProjectSection(ProjectDependencies) = postProject
		{598635F0-5D26-4C6B-85B5-F6904DB3EB83} = {598635F0-5D26-4C6B-85B5-F6904DB3EB83}
	EndProjectSection
EndProject
Project("{8BC9CEB8-8B4A-11D0-8D11-00A0C91BC942}") = "libsakusen-comms", "..\..\libsakusen\comms\ide\msvc8\libsakusen-comms.vcproj", "{5CD05372-DD2D-48B4-B7F2-E8861CF345F7}"
	ProjectSection(ProjectDependencies) = postProject
		{57C8FBC1-74EC-4F27-A964-89B1D475A982} = {57C8FBC1-74EC-4F27-A964-89B1D475A982}
	EndProjectSection
EndProject
Project("{8BC9CEB8-8B4A-11D0-8D11-00A0C91BC942}") = "libsakusen-server", "..\..\libsakusen\server\ide\msvc8\libsakusen-server.vcproj", "{8B705117-2954-465C-82CC-98C20598B4E3}"
	ProjectSection(ProjectDependencies) = postProject
		{57C8FBC1-74EC-4F27-A964-89B1D475A982} = {57C8FBC1-74EC-4F27-A964-89B1D475A982}
	EndProjectSection
EndProject
Project("{8BC9CEB8-8B4A-11D0-8D11-00A0C91BC942}") = "libsakusen-client", "..\..\libsakusen\client\ide\msvc8\libsakusen-client.vcproj", "{3E022526-106C-4C4B-987D-A7D476EF37C1}"
	ProjectSection(ProjectDependencies) = postProject
		{57C8FBC1-74EC-4F27-A964-89B1D475A982} = {57C8FBC1-74EC-4F27-A964-89B1D475A982}
	EndProjectSection
EndProject
Project("{8BC9CEB8-8B4A-11D0-8D11-00A0C91BC942}") = "libsakusen-resources", "..\..\libsakusen\resources\ide\msvc8\libsakusen-resources.vcproj", "{FBCB6B17-6F57-41DF-BB3B-3AA74B44E7BE}"
	ProjectSection(ProjectDependencies) = postProject
		{5CD05372-DD2D-48B4-B7F2-E8861CF345F7} = {5CD05372-DD2D-48B4-B7F2-E8861CF345F7}
		{1B29ED8B-2374-469E-9C94-00BC95E4FD5B} = {1B29ED8B-2374-469E-9C94-00BC95E4FD5B}
		{0008960E-E0DD-41A6-8265-00B31DDB4C21} = {0008960E-E0DD-41A6-8265-00B31DDB4C21}
		{6E5ED061-69E9-4111-A70F-EA4309411132} = {6E5ED061-69E9-4111-A70F-EA4309411132}
		{57C8FBC1-74EC-4F27-A964-89B1D475A982} = {57C8FBC1-74EC-4F27-A964-89B1D475A982}
	EndProjectSection
EndProject
Project("{8BC9CEB8-8B4A-11D0-8D11-00A0C91BC942}") = "libsakusen-resources-test", "..\..\libsakusen\resources\test\ide\msvc8\libsakusen-resources-test.vcproj", "{1CB628B3-89A4-4238-ABC6-A71B53AA7764}"
	ProjectSection(ProjectDependencies) = postProject
		{1B29ED8B-2374-469E-9C94-00BC95E4FD5B} = {1B29ED8B-2374-469E-9C94-00BC95E4FD5B}
		{57C8FBC1-74EC-4F27-A964-89B1D475A982} = {57C8FBC1-74EC-4F27-A964-89B1D475A982}
		{FBCB6B17-6F57-41DF-BB3B-3AA74B44E7BE} = {FBCB6B17-6F57-41DF-BB3B-3AA74B44E7BE}
	EndProjectSection
EndProject
Project("{8BC9CEB8-8B4A-11D0-8D11-00A0C91BC942}") = "fuseki", "..\..\fuseki\ide\msvc8\fuseki.vcproj", "{00AD53E0-AD97-4512-8615-14A566EE2E4D}"
	ProjectSection(ProjectDependencies) = postProject
		{5CD05372-DD2D-48B4-B7F2-E8861CF345F7} = {5CD05372-DD2D-48B4-B7F2-E8861CF345F7}
		{BF0D6147-4B74-4105-9105-8613E0B9067C} = {BF0D6147-4B74-4105-9105-8613E0B9067C}
		{FBCB6B17-6F57-41DF-BB3B-3AA74B44E7BE} = {FBCB6B17-6F57-41DF-BB3B-3AA74B44E7BE}
		{8B705117-2954-465C-82CC-98C20598B4E3} = {8B705117-2954-465C-82CC-98C20598B4E3}
		{1B29ED8B-2374-469E-9C94-00BC95E4FD5B} = {1B29ED8B-2374-469E-9C94-00BC95E4FD5B}
		{57C8FBC1-74EC-4F27-A964-89B1D475A982} = {57C8FBC1-74EC-4F27-A964-89B1D475A982}
	EndProjectSection
EndProject
Project("{8BC9CEB8-8B4A-11D0-8D11-00A0C91BC942}") = "liboptimal", "..\..\liboptimal\ide\msvc8\liboptimal.vcproj", "{BF0D6147-4B74-4105-9105-8613E0B9067C}"
EndProject
Project("{8BC9CEB8-8B4A-11D0-8D11-00A0C91BC942}") = "tedomari", "..\..\tedomari\ide\msvc8\tedomari.vcproj", "{856F9BB0-0417-44A7-8193-60FE95D016BB}"
	ProjectSection(ProjectDependencies) = postProject
		{3E022526-106C-4C4B-987D-A7D476EF37C1} = {3E022526-106C-4C4B-987D-A7D476EF37C1}
		{1B29ED8B-2374-469E-9C94-00BC95E4FD5B} = {1B29ED8B-2374-469E-9C94-00BC95E4FD5B}
		{FBCB6B17-6F57-41DF-BB3B-3AA74B44E7BE} = {FBCB6B17-6F57-41DF-BB3B-3AA74B44E7BE}
		{BF0D6147-4B74-4105-9105-8613E0B9067C} = {BF0D6147-4B74-4105-9105-8613E0B9067C}
		{57C8FBC1-74EC-4F27-A964-89B1D475A982} = {57C8FBC1-74EC-4F27-A964-89B1D475A982}
		{5CD05372-DD2D-48B4-B7F2-E8861CF345F7} = {5CD05372-DD2D-48B4-B7F2-E8861CF345F7}
	EndProjectSection
EndProject
Project("{8BC9CEB8-8B4A-11D0-8D11-00A0C91BC942}") = "replay_recorder", "..\..\server-plugins\replay_recorder\ide\msvc\replay_recorder.vcproj", "{C2051D9C-D256-458A-9192-126D074F1EFD}"
	ProjectSection(ProjectDependencies) = postProject
		{5CD05372-DD2D-48B4-B7F2-E8861CF345F7} = {5CD05372-DD2D-48B4-B7F2-E8861CF345F7}
		{1B29ED8B-2374-469E-9C94-00BC95E4FD5B} = {1B29ED8B-2374-469E-9C94-00BC95E4FD5B}
		{8B705117-2954-465C-82CC-98C20598B4E3} = {8B705117-2954-465C-82CC-98C20598B4E3}
		{FBCB6B17-6F57-41DF-BB3B-3AA74B44E7BE} = {FBCB6B17-6F57-41DF-BB3B-3AA74B44E7BE}
		{57C8FBC1-74EC-4F27-A964-89B1D475A982} = {57C8FBC1-74EC-4F27-A964-89B1D475A982}
	EndProjectSection
EndProject
Project("{8BC9CEB8-8B4A-11D0-8D11-00A0C91BC942}") = "pcrecpp", "..\..\externals\pcrecpp\pcrecpp\pcrecpp.vcproj", "{1B29ED8B-2374-469E-9C94-00BC95E4FD5B}"
	ProjectSection(ProjectDependencies) = postProject
		{6E5ED061-69E9-4111-A70F-EA4309411132} = {6E5ED061-69E9-4111-A70F-EA4309411132}
	EndProjectSection
EndProject
Project("{8BC9CEB8-8B4A-11D0-8D11-00A0C91BC942}") = "libmhash", "..\..\externals\mhash-win32\win32\libmhash\libmhash.vcproj", "{598635F0-5D26-4C6B-85B5-F6904DB3EB83}"
EndProject
Project("{8BC9CEB8-8B4A-11D0-8D11-00A0C91BC942}") = "libpng", "..\..\externals\libpng\projects\visualc8\libpng.vcproj", "{0008960E-E0DD-41A6-8265-00B31DDB4C21}"
	ProjectSection(ProjectDependencies) = postProject
		{2D4F8105-7D21-454C-9932-B47CAB71A5C0} = {2D4F8105-7D21-454C-9932-B47CAB71A5C0}
	EndProjectSection
EndProject
Project("{8BC9CEB8-8B4A-11D0-8D11-00A0C91BC942}") = "zlib", "..\..\externals\libpng\projects\visualc8\zlib.vcproj", "{2D4F8105-7D21-454C-9932-B47CAB71A5C0}"
EndProject
Project("{8BC9CEB8-8B4A-11D0-8D11-00A0C91BC942}") = "pcre", "..\..\externals\pcrecpp\pcre\pcre.vcproj", "{6E5ED061-69E9-4111-A70F-EA4309411132}"
EndProject
Project("{8BC9CEB8-8B4A-11D0-8D11-00A0C91BC942}") = "testsrc", "..\..\data\test\testsrc.dir\ide\msvc8\testsrc.vcproj", "{BD63D486-96DA-4DCD-876D-78F9CA39E7D0}"
	ProjectSection(ProjectDependencies) = postProject
		{8B705117-2954-465C-82CC-98C20598B4E3} = {8B705117-2954-465C-82CC-98C20598B4E3}
		{FBCB6B17-6F57-41DF-BB3B-3AA74B44E7BE} = {FBCB6B17-6F57-41DF-BB3B-3AA74B44E7BE}
		{5CD05372-DD2D-48B4-B7F2-E8861CF345F7} = {5CD05372-DD2D-48B4-B7F2-E8861CF345F7}
		{856F9BB0-0417-44A7-8193-60FE95D016BB} = {856F9BB0-0417-44A7-8193-60FE95D016BB}
		{57C8FBC1-74EC-4F27-A964-89B1D475A982} = {57C8FBC1-74EC-4F27-A964-89B1D475A982}
	EndProjectSection
EndProject
Project("{54435603-DBB4-11D2-8724-00A0C9A8B90C}") = "Installer", "Installer\Installer.vdproj", "{92F66EEF-4235-45A1-AB49-CB034A3A6F2C}"
EndProject
Project("{8BC9CEB8-8B4A-11D0-8D11-00A0C91BC942}") = "_sakusen", "..\..\bindings\ide\msvc8\python\_sakusen.vcproj", "{D979B173-CF86-4BD8-B95B-F60F3CBD8BDD}"
	ProjectSection(ProjectDependencies) = postProject
		{57C8FBC1-74EC-4F27-A964-89B1D475A982} = {57C8FBC1-74EC-4F27-A964-89B1D475A982}
	EndProjectSection
EndProject
Project("{8BC9CEB8-8B4A-11D0-8D11-00A0C91BC942}") = "_sakusen_client", "..\..\bindings\ide\msvc8\python\_sakusenclient.vcproj", "{178E2473-AE13-41FE-A573-F46A64AFD2D2}"
	ProjectSection(ProjectDependencies) = postProject
		{3E022526-106C-4C4B-987D-A7D476EF37C1} = {3E022526-106C-4C4B-987D-A7D476EF37C1}
		{57C8FBC1-74EC-4F27-A964-89B1D475A982} = {57C8FBC1-74EC-4F27-A964-89B1D475A982}
	EndProjectSection
EndProject
Project("{8BC9CEB8-8B4A-11D0-8D11-00A0C91BC942}") = "_sakusen_comms", "..\..\bindings\ide\msvc8\python\_sakusencomms.vcproj", "{38754DFC-AA6C-4990-B9E6-6D6B11D1F046}"
	ProjectSection(ProjectDependencies) = postProject
		{5CD05372-DD2D-48B4-B7F2-E8861CF345F7} = {5CD05372-DD2D-48B4-B7F2-E8861CF345F7}
		{57C8FBC1-74EC-4F27-A964-89B1D475A982} = {57C8FBC1-74EC-4F27-A964-89B1D475A982}
	EndProjectSection
EndProject
Project("{8BC9CEB8-8B4A-11D0-8D11-00A0C91BC942}") = "_sakusen_resources", "..\..\bindings\ide\msvc8\python\_sakusenresources.vcproj", "{C051CC09-D1E1-4C28-A9B7-EE3B1607CC80}"
	ProjectSection(ProjectDependencies) = postProject
		{57C8FBC1-74EC-4F27-A964-89B1D475A982} = {57C8FBC1-74EC-4F27-A964-89B1D475A982}
		{6E5ED061-69E9-4111-A70F-EA4309411132} = {6E5ED061-69E9-4111-A70F-EA4309411132}
		{1B29ED8B-2374-469E-9C94-00BC95E4FD5B} = {1B29ED8B-2374-469E-9C94-00BC95E4FD5B}
		{FBCB6B17-6F57-41DF-BB3B-3AA74B44E7BE} = {FBCB6B17-6F57-41DF-BB3B-3AA74B44E7BE}
	EndProjectSection
EndProject
Global
	GlobalSection(SolutionConfigurationPlatforms) = preSolution
		Debug_Cairo|Any CPU = Debug_Cairo|Any CPU
		Debug_Cairo|Mixed Platforms = Debug_Cairo|Mixed Platforms
		Debug_Cairo|Win32 = Debug_Cairo|Win32
		Debug|Any CPU = Debug|Any CPU
		Debug|Mixed Platforms = Debug|Mixed Platforms
		Debug|Win32 = Debug|Win32
		Release_Cairo|Any CPU = Release_Cairo|Any CPU
		Release_Cairo|Mixed Platforms = Release_Cairo|Mixed Platforms
		Release_Cairo|Win32 = Release_Cairo|Win32
		Release|Any CPU = Release|Any CPU
		Release|Mixed Platforms = Release|Mixed Platforms
		Release|Win32 = Release|Win32
	EndGlobalSection
	GlobalSection(ProjectConfigurationPlatforms) = postSolution
		{57C8FBC1-74EC-4F27-A964-89B1D475A982}.Debug_Cairo|Any CPU.ActiveCfg = Debug|Win32
		{57C8FBC1-74EC-4F27-A964-89B1D475A982}.Debug_Cairo|Mixed Platforms.ActiveCfg = Debug|Win32
		{57C8FBC1-74EC-4F27-A964-89B1D475A982}.Debug_Cairo|Mixed Platforms.Build.0 = Debug|Win32
		{57C8FBC1-74EC-4F27-A964-89B1D475A982}.Debug_Cairo|Win32.ActiveCfg = Debug|Win32
		{57C8FBC1-74EC-4F27-A964-89B1D475A982}.Debug_Cairo|Win32.Build.0 = Debug|Win32
		{57C8FBC1-74EC-4F27-A964-89B1D475A982}.Debug|Any CPU.ActiveCfg = Debug|Win32
		{57C8FBC1-74EC-4F27-A964-89B1D475A982}.Debug|Mixed Platforms.ActiveCfg = Debug|Win32
		{57C8FBC1-74EC-4F27-A964-89B1D475A982}.Debug|Mixed Platforms.Build.0 = Debug|Win32
		{57C8FBC1-74EC-4F27-A964-89B1D475A982}.Debug|Win32.ActiveCfg = Debug|Win32
		{57C8FBC1-74EC-4F27-A964-89B1D475A982}.Debug|Win32.Build.0 = Debug|Win32
		{57C8FBC1-74EC-4F27-A964-89B1D475A982}.Release_Cairo|Any CPU.ActiveCfg = Release|Win32
		{57C8FBC1-74EC-4F27-A964-89B1D475A982}.Release_Cairo|Mixed Platforms.ActiveCfg = Release|Win32
		{57C8FBC1-74EC-4F27-A964-89B1D475A982}.Release_Cairo|Mixed Platforms.Build.0 = Release|Win32
		{57C8FBC1-74EC-4F27-A964-89B1D475A982}.Release_Cairo|Win32.ActiveCfg = Release|Win32
		{57C8FBC1-74EC-4F27-A964-89B1D475A982}.Release_Cairo|Win32.Build.0 = Release|Win32
		{57C8FBC1-74EC-4F27-A964-89B1D475A982}.Release|Any CPU.ActiveCfg = Release|Win32
		{57C8FBC1-74EC-4F27-A964-89B1D475A982}.Release|Mixed Platforms.ActiveCfg = Release|Win32
		{57C8FBC1-74EC-4F27-A964-89B1D475A982}.Release|Mixed Platforms.Build.0 = Release|Win32
		{57C8FBC1-74EC-4F27-A964-89B1D475A982}.Release|Win32.ActiveCfg = Release|Win32
		{57C8FBC1-74EC-4F27-A964-89B1D475A982}.Release|Win32.Build.0 = Release|Win32
		{5CD05372-DD2D-48B4-B7F2-E8861CF345F7}.Debug_Cairo|Any CPU.ActiveCfg = Debug|Win32
		{5CD05372-DD2D-48B4-B7F2-E8861CF345F7}.Debug_Cairo|Mixed Platforms.ActiveCfg = Debug|Win32
		{5CD05372-DD2D-48B4-B7F2-E8861CF345F7}.Debug_Cairo|Mixed Platforms.Build.0 = Debug|Win32
		{5CD05372-DD2D-48B4-B7F2-E8861CF345F7}.Debug_Cairo|Win32.ActiveCfg = Debug|Win32
		{5CD05372-DD2D-48B4-B7F2-E8861CF345F7}.Debug_Cairo|Win32.Build.0 = Debug|Win32
		{5CD05372-DD2D-48B4-B7F2-E8861CF345F7}.Debug|Any CPU.ActiveCfg = Debug|Win32
		{5CD05372-DD2D-48B4-B7F2-E8861CF345F7}.Debug|Mixed Platforms.ActiveCfg = Debug|Win32
		{5CD05372-DD2D-48B4-B7F2-E8861CF345F7}.Debug|Mixed Platforms.Build.0 = Debug|Win32
		{5CD05372-DD2D-48B4-B7F2-E8861CF345F7}.Debug|Win32.ActiveCfg = Debug|Win32
		{5CD05372-DD2D-48B4-B7F2-E8861CF345F7}.Debug|Win32.Build.0 = Debug|Win32
		{5CD05372-DD2D-48B4-B7F2-E8861CF345F7}.Release_Cairo|Any CPU.ActiveCfg = Release|Win32
		{5CD05372-DD2D-48B4-B7F2-E8861CF345F7}.Release_Cairo|Mixed Platforms.ActiveCfg = Release|Win32
		{5CD05372-DD2D-48B4-B7F2-E8861CF345F7}.Release_Cairo|Mixed Platforms.Build.0 = Release|Win32
		{5CD05372-DD2D-48B4-B7F2-E8861CF345F7}.Release_Cairo|Win32.ActiveCfg = Release|Win32
		{5CD05372-DD2D-48B4-B7F2-E8861CF345F7}.Release_Cairo|Win32.Build.0 = Release|Win32
		{5CD05372-DD2D-48B4-B7F2-E8861CF345F7}.Release|Any CPU.ActiveCfg = Release|Win32
		{5CD05372-DD2D-48B4-B7F2-E8861CF345F7}.Release|Mixed Platforms.ActiveCfg = Release|Win32
		{5CD05372-DD2D-48B4-B7F2-E8861CF345F7}.Release|Mixed Platforms.Build.0 = Release|Win32
		{5CD05372-DD2D-48B4-B7F2-E8861CF345F7}.Release|Win32.ActiveCfg = Release|Win32
		{5CD05372-DD2D-48B4-B7F2-E8861CF345F7}.Release|Win32.Build.0 = Release|Win32
		{8B705117-2954-465C-82CC-98C20598B4E3}.Debug_Cairo|Any CPU.ActiveCfg = Debug|Win32
		{8B705117-2954-465C-82CC-98C20598B4E3}.Debug_Cairo|Mixed Platforms.ActiveCfg = Debug|Win32
		{8B705117-2954-465C-82CC-98C20598B4E3}.Debug_Cairo|Mixed Platforms.Build.0 = Debug|Win32
		{8B705117-2954-465C-82CC-98C20598B4E3}.Debug_Cairo|Win32.ActiveCfg = Debug|Win32
		{8B705117-2954-465C-82CC-98C20598B4E3}.Debug_Cairo|Win32.Build.0 = Debug|Win32
		{8B705117-2954-465C-82CC-98C20598B4E3}.Debug|Any CPU.ActiveCfg = Debug|Win32
		{8B705117-2954-465C-82CC-98C20598B4E3}.Debug|Mixed Platforms.ActiveCfg = Debug|Win32
		{8B705117-2954-465C-82CC-98C20598B4E3}.Debug|Mixed Platforms.Build.0 = Debug|Win32
		{8B705117-2954-465C-82CC-98C20598B4E3}.Debug|Win32.ActiveCfg = Debug|Win32
		{8B705117-2954-465C-82CC-98C20598B4E3}.Debug|Win32.Build.0 = Debug|Win32
		{8B705117-2954-465C-82CC-98C20598B4E3}.Release_Cairo|Any CPU.ActiveCfg = Release|Win32
		{8B705117-2954-465C-82CC-98C20598B4E3}.Release_Cairo|Mixed Platforms.ActiveCfg = Release|Win32
		{8B705117-2954-465C-82CC-98C20598B4E3}.Release_Cairo|Mixed Platforms.Build.0 = Release|Win32
		{8B705117-2954-465C-82CC-98C20598B4E3}.Release_Cairo|Win32.ActiveCfg = Release|Win32
		{8B705117-2954-465C-82CC-98C20598B4E3}.Release_Cairo|Win32.Build.0 = Release|Win32
		{8B705117-2954-465C-82CC-98C20598B4E3}.Release|Any CPU.ActiveCfg = Release|Win32
		{8B705117-2954-465C-82CC-98C20598B4E3}.Release|Mixed Platforms.ActiveCfg = Release|Win32
		{8B705117-2954-465C-82CC-98C20598B4E3}.Release|Mixed Platforms.Build.0 = Release|Win32
		{8B705117-2954-465C-82CC-98C20598B4E3}.Release|Win32.ActiveCfg = Release|Win32
		{8B705117-2954-465C-82CC-98C20598B4E3}.Release|Win32.Build.0 = Release|Win32
		{3E022526-106C-4C4B-987D-A7D476EF37C1}.Debug_Cairo|Any CPU.ActiveCfg = Debug|Win32
		{3E022526-106C-4C4B-987D-A7D476EF37C1}.Debug_Cairo|Mixed Platforms.ActiveCfg = Debug|Win32
		{3E022526-106C-4C4B-987D-A7D476EF37C1}.Debug_Cairo|Mixed Platforms.Build.0 = Debug|Win32
		{3E022526-106C-4C4B-987D-A7D476EF37C1}.Debug_Cairo|Win32.ActiveCfg = Debug|Win32
		{3E022526-106C-4C4B-987D-A7D476EF37C1}.Debug_Cairo|Win32.Build.0 = Debug|Win32
		{3E022526-106C-4C4B-987D-A7D476EF37C1}.Debug|Any CPU.ActiveCfg = Debug|Win32
		{3E022526-106C-4C4B-987D-A7D476EF37C1}.Debug|Mixed Platforms.ActiveCfg = Debug|Win32
		{3E022526-106C-4C4B-987D-A7D476EF37C1}.Debug|Mixed Platforms.Build.0 = Debug|Win32
		{3E022526-106C-4C4B-987D-A7D476EF37C1}.Debug|Win32.ActiveCfg = Debug|Win32
		{3E022526-106C-4C4B-987D-A7D476EF37C1}.Debug|Win32.Build.0 = Debug|Win32
		{3E022526-106C-4C4B-987D-A7D476EF37C1}.Release_Cairo|Any CPU.ActiveCfg = Release|Win32
		{3E022526-106C-4C4B-987D-A7D476EF37C1}.Release_Cairo|Mixed Platforms.ActiveCfg = Release|Win32
		{3E022526-106C-4C4B-987D-A7D476EF37C1}.Release_Cairo|Mixed Platforms.Build.0 = Release|Win32
		{3E022526-106C-4C4B-987D-A7D476EF37C1}.Release_Cairo|Win32.ActiveCfg = Release|Win32
		{3E022526-106C-4C4B-987D-A7D476EF37C1}.Release_Cairo|Win32.Build.0 = Release|Win32
		{3E022526-106C-4C4B-987D-A7D476EF37C1}.Release|Any CPU.ActiveCfg = Release|Win32
		{3E022526-106C-4C4B-987D-A7D476EF37C1}.Release|Mixed Platforms.ActiveCfg = Release|Win32
		{3E022526-106C-4C4B-987D-A7D476EF37C1}.Release|Mixed Platforms.Build.0 = Release|Win32
		{3E022526-106C-4C4B-987D-A7D476EF37C1}.Release|Win32.ActiveCfg = Release|Win32
		{3E022526-106C-4C4B-987D-A7D476EF37C1}.Release|Win32.Build.0 = Release|Win32
		{FBCB6B17-6F57-41DF-BB3B-3AA74B44E7BE}.Debug_Cairo|Any CPU.ActiveCfg = Debug|Win32
		{FBCB6B17-6F57-41DF-BB3B-3AA74B44E7BE}.Debug_Cairo|Mixed Platforms.ActiveCfg = Debug|Win32
		{FBCB6B17-6F57-41DF-BB3B-3AA74B44E7BE}.Debug_Cairo|Mixed Platforms.Build.0 = Debug|Win32
		{FBCB6B17-6F57-41DF-BB3B-3AA74B44E7BE}.Debug_Cairo|Win32.ActiveCfg = Debug|Win32
		{FBCB6B17-6F57-41DF-BB3B-3AA74B44E7BE}.Debug_Cairo|Win32.Build.0 = Debug|Win32
		{FBCB6B17-6F57-41DF-BB3B-3AA74B44E7BE}.Debug|Any CPU.ActiveCfg = Debug|Win32
		{FBCB6B17-6F57-41DF-BB3B-3AA74B44E7BE}.Debug|Mixed Platforms.ActiveCfg = Debug|Win32
		{FBCB6B17-6F57-41DF-BB3B-3AA74B44E7BE}.Debug|Mixed Platforms.Build.0 = Debug|Win32
		{FBCB6B17-6F57-41DF-BB3B-3AA74B44E7BE}.Debug|Win32.ActiveCfg = Debug|Win32
		{FBCB6B17-6F57-41DF-BB3B-3AA74B44E7BE}.Debug|Win32.Build.0 = Debug|Win32
		{FBCB6B17-6F57-41DF-BB3B-3AA74B44E7BE}.Release_Cairo|Any CPU.ActiveCfg = Release|Win32
		{FBCB6B17-6F57-41DF-BB3B-3AA74B44E7BE}.Release_Cairo|Mixed Platforms.ActiveCfg = Release|Win32
		{FBCB6B17-6F57-41DF-BB3B-3AA74B44E7BE}.Release_Cairo|Mixed Platforms.Build.0 = Release|Win32
		{FBCB6B17-6F57-41DF-BB3B-3AA74B44E7BE}.Release_Cairo|Win32.ActiveCfg = Release|Win32
		{FBCB6B17-6F57-41DF-BB3B-3AA74B44E7BE}.Release_Cairo|Win32.Build.0 = Release|Win32
		{FBCB6B17-6F57-41DF-BB3B-3AA74B44E7BE}.Release|Any CPU.ActiveCfg = Release|Win32
		{FBCB6B17-6F57-41DF-BB3B-3AA74B44E7BE}.Release|Mixed Platforms.ActiveCfg = Release|Win32
		{FBCB6B17-6F57-41DF-BB3B-3AA74B44E7BE}.Release|Mixed Platforms.Build.0 = Release|Win32
		{FBCB6B17-6F57-41DF-BB3B-3AA74B44E7BE}.Release|Win32.ActiveCfg = Release|Win32
		{FBCB6B17-6F57-41DF-BB3B-3AA74B44E7BE}.Release|Win32.Build.0 = Release|Win32
		{1CB628B3-89A4-4238-ABC6-A71B53AA7764}.Debug_Cairo|Any CPU.ActiveCfg = Debug|Win32
		{1CB628B3-89A4-4238-ABC6-A71B53AA7764}.Debug_Cairo|Mixed Platforms.ActiveCfg = Debug|Win32
		{1CB628B3-89A4-4238-ABC6-A71B53AA7764}.Debug_Cairo|Mixed Platforms.Build.0 = Debug|Win32
		{1CB628B3-89A4-4238-ABC6-A71B53AA7764}.Debug_Cairo|Win32.ActiveCfg = Debug|Win32
		{1CB628B3-89A4-4238-ABC6-A71B53AA7764}.Debug_Cairo|Win32.Build.0 = Debug|Win32
		{1CB628B3-89A4-4238-ABC6-A71B53AA7764}.Debug|Any CPU.ActiveCfg = Debug|Win32
		{1CB628B3-89A4-4238-ABC6-A71B53AA7764}.Debug|Mixed Platforms.ActiveCfg = Debug|Win32
		{1CB628B3-89A4-4238-ABC6-A71B53AA7764}.Debug|Mixed Platforms.Build.0 = Debug|Win32
		{1CB628B3-89A4-4238-ABC6-A71B53AA7764}.Debug|Win32.ActiveCfg = Debug|Win32
		{1CB628B3-89A4-4238-ABC6-A71B53AA7764}.Debug|Win32.Build.0 = Debug|Win32
		{1CB628B3-89A4-4238-ABC6-A71B53AA7764}.Release_Cairo|Any CPU.ActiveCfg = Release|Win32
		{1CB628B3-89A4-4238-ABC6-A71B53AA7764}.Release_Cairo|Mixed Platforms.ActiveCfg = Release|Win32
		{1CB628B3-89A4-4238-ABC6-A71B53AA7764}.Release_Cairo|Mixed Platforms.Build.0 = Release|Win32
		{1CB628B3-89A4-4238-ABC6-A71B53AA7764}.Release_Cairo|Win32.ActiveCfg = Release|Win32
		{1CB628B3-89A4-4238-ABC6-A71B53AA7764}.Release_Cairo|Win32.Build.0 = Release|Win32
		{1CB628B3-89A4-4238-ABC6-A71B53AA7764}.Release|Any CPU.ActiveCfg = Release|Win32
		{1CB628B3-89A4-4238-ABC6-A71B53AA7764}.Release|Mixed Platforms.ActiveCfg = Release|Win32
		{1CB628B3-89A4-4238-ABC6-A71B53AA7764}.Release|Mixed Platforms.Build.0 = Release|Win32
		{1CB628B3-89A4-4238-ABC6-A71B53AA7764}.Release|Win32.ActiveCfg = Release|Win32
		{1CB628B3-89A4-4238-ABC6-A71B53AA7764}.Release|Win32.Build.0 = Release|Win32
		{00AD53E0-AD97-4512-8615-14A566EE2E4D}.Debug_Cairo|Any CPU.ActiveCfg = Debug|Win32
		{00AD53E0-AD97-4512-8615-14A566EE2E4D}.Debug_Cairo|Mixed Platforms.ActiveCfg = Debug|Win32
		{00AD53E0-AD97-4512-8615-14A566EE2E4D}.Debug_Cairo|Mixed Platforms.Build.0 = Debug|Win32
		{00AD53E0-AD97-4512-8615-14A566EE2E4D}.Debug_Cairo|Win32.ActiveCfg = Debug|Win32
		{00AD53E0-AD97-4512-8615-14A566EE2E4D}.Debug_Cairo|Win32.Build.0 = Debug|Win32
		{00AD53E0-AD97-4512-8615-14A566EE2E4D}.Debug|Any CPU.ActiveCfg = Debug|Win32
		{00AD53E0-AD97-4512-8615-14A566EE2E4D}.Debug|Mixed Platforms.ActiveCfg = Debug|Win32
		{00AD53E0-AD97-4512-8615-14A566EE2E4D}.Debug|Mixed Platforms.Build.0 = Debug|Win32
		{00AD53E0-AD97-4512-8615-14A566EE2E4D}.Debug|Win32.ActiveCfg = Debug|Win32
		{00AD53E0-AD97-4512-8615-14A566EE2E4D}.Debug|Win32.Build.0 = Debug|Win32
		{00AD53E0-AD97-4512-8615-14A566EE2E4D}.Release_Cairo|Any CPU.ActiveCfg = Release|Win32
		{00AD53E0-AD97-4512-8615-14A566EE2E4D}.Release_Cairo|Mixed Platforms.ActiveCfg = Release|Win32
		{00AD53E0-AD97-4512-8615-14A566EE2E4D}.Release_Cairo|Mixed Platforms.Build.0 = Release|Win32
		{00AD53E0-AD97-4512-8615-14A566EE2E4D}.Release_Cairo|Win32.ActiveCfg = Release|Win32
		{00AD53E0-AD97-4512-8615-14A566EE2E4D}.Release_Cairo|Win32.Build.0 = Release|Win32
		{00AD53E0-AD97-4512-8615-14A566EE2E4D}.Release|Any CPU.ActiveCfg = Release|Win32
		{00AD53E0-AD97-4512-8615-14A566EE2E4D}.Release|Mixed Platforms.ActiveCfg = Release|Win32
		{00AD53E0-AD97-4512-8615-14A566EE2E4D}.Release|Mixed Platforms.Build.0 = Release|Win32
		{00AD53E0-AD97-4512-8615-14A566EE2E4D}.Release|Win32.ActiveCfg = Release|Win32
		{00AD53E0-AD97-4512-8615-14A566EE2E4D}.Release|Win32.Build.0 = Release|Win32
		{BF0D6147-4B74-4105-9105-8613E0B9067C}.Debug_Cairo|Any CPU.ActiveCfg = Debug|Win32
		{BF0D6147-4B74-4105-9105-8613E0B9067C}.Debug_Cairo|Mixed Platforms.ActiveCfg = Debug|Win32
		{BF0D6147-4B74-4105-9105-8613E0B9067C}.Debug_Cairo|Mixed Platforms.Build.0 = Debug|Win32
		{BF0D6147-4B74-4105-9105-8613E0B9067C}.Debug_Cairo|Win32.ActiveCfg = Debug|Win32
		{BF0D6147-4B74-4105-9105-8613E0B9067C}.Debug_Cairo|Win32.Build.0 = Debug|Win32
		{BF0D6147-4B74-4105-9105-8613E0B9067C}.Debug|Any CPU.ActiveCfg = Debug|Win32
		{BF0D6147-4B74-4105-9105-8613E0B9067C}.Debug|Mixed Platforms.ActiveCfg = Debug|Win32
		{BF0D6147-4B74-4105-9105-8613E0B9067C}.Debug|Mixed Platforms.Build.0 = Debug|Win32
		{BF0D6147-4B74-4105-9105-8613E0B9067C}.Debug|Win32.ActiveCfg = Debug|Win32
		{BF0D6147-4B74-4105-9105-8613E0B9067C}.Debug|Win32.Build.0 = Debug|Win32
		{BF0D6147-4B74-4105-9105-8613E0B9067C}.Release_Cairo|Any CPU.ActiveCfg = Release|Win32
		{BF0D6147-4B74-4105-9105-8613E0B9067C}.Release_Cairo|Mixed Platforms.ActiveCfg = Release|Win32
		{BF0D6147-4B74-4105-9105-8613E0B9067C}.Release_Cairo|Mixed Platforms.Build.0 = Release|Win32
		{BF0D6147-4B74-4105-9105-8613E0B9067C}.Release_Cairo|Win32.ActiveCfg = Release|Win32
		{BF0D6147-4B74-4105-9105-8613E0B9067C}.Release_Cairo|Win32.Build.0 = Release|Win32
		{BF0D6147-4B74-4105-9105-8613E0B9067C}.Release|Any CPU.ActiveCfg = Release|Win32
		{BF0D6147-4B74-4105-9105-8613E0B9067C}.Release|Mixed Platforms.ActiveCfg = Release|Win32
		{BF0D6147-4B74-4105-9105-8613E0B9067C}.Release|Mixed Platforms.Build.0 = Release|Win32
		{BF0D6147-4B74-4105-9105-8613E0B9067C}.Release|Win32.ActiveCfg = Release|Win32
		{BF0D6147-4B74-4105-9105-8613E0B9067C}.Release|Win32.Build.0 = Release|Win32
		{856F9BB0-0417-44A7-8193-60FE95D016BB}.Debug_Cairo|Any CPU.ActiveCfg = Debug_Cairo|Win32
		{856F9BB0-0417-44A7-8193-60FE95D016BB}.Debug_Cairo|Mixed Platforms.ActiveCfg = Debug_Cairo|Win32
		{856F9BB0-0417-44A7-8193-60FE95D016BB}.Debug_Cairo|Mixed Platforms.Build.0 = Debug_Cairo|Win32
		{856F9BB0-0417-44A7-8193-60FE95D016BB}.Debug_Cairo|Win32.ActiveCfg = Debug_Cairo|Win32
		{856F9BB0-0417-44A7-8193-60FE95D016BB}.Debug_Cairo|Win32.Build.0 = Debug_Cairo|Win32
		{856F9BB0-0417-44A7-8193-60FE95D016BB}.Debug|Any CPU.ActiveCfg = Debug|Win32
		{856F9BB0-0417-44A7-8193-60FE95D016BB}.Debug|Mixed Platforms.ActiveCfg = Debug|Win32
		{856F9BB0-0417-44A7-8193-60FE95D016BB}.Debug|Mixed Platforms.Build.0 = Debug|Win32
		{856F9BB0-0417-44A7-8193-60FE95D016BB}.Debug|Win32.ActiveCfg = Debug|Win32
		{856F9BB0-0417-44A7-8193-60FE95D016BB}.Debug|Win32.Build.0 = Debug|Win32
		{856F9BB0-0417-44A7-8193-60FE95D016BB}.Release_Cairo|Any CPU.ActiveCfg = Release_cairo|Win32
		{856F9BB0-0417-44A7-8193-60FE95D016BB}.Release_Cairo|Mixed Platforms.ActiveCfg = Release_cairo|Win32
		{856F9BB0-0417-44A7-8193-60FE95D016BB}.Release_Cairo|Mixed Platforms.Build.0 = Release_cairo|Win32
		{856F9BB0-0417-44A7-8193-60FE95D016BB}.Release_Cairo|Win32.ActiveCfg = Release_cairo|Win32
		{856F9BB0-0417-44A7-8193-60FE95D016BB}.Release_Cairo|Win32.Build.0 = Release_cairo|Win32
		{856F9BB0-0417-44A7-8193-60FE95D016BB}.Release|Any CPU.ActiveCfg = Release|Win32
		{856F9BB0-0417-44A7-8193-60FE95D016BB}.Release|Mixed Platforms.ActiveCfg = Release|Win32
		{856F9BB0-0417-44A7-8193-60FE95D016BB}.Release|Mixed Platforms.Build.0 = Release|Win32
		{856F9BB0-0417-44A7-8193-60FE95D016BB}.Release|Win32.ActiveCfg = Release|Win32
		{856F9BB0-0417-44A7-8193-60FE95D016BB}.Release|Win32.Build.0 = Release|Win32
		{C2051D9C-D256-458A-9192-126D074F1EFD}.Debug_Cairo|Any CPU.ActiveCfg = Debug|Win32
		{C2051D9C-D256-458A-9192-126D074F1EFD}.Debug_Cairo|Mixed Platforms.ActiveCfg = Debug|Win32
		{C2051D9C-D256-458A-9192-126D074F1EFD}.Debug_Cairo|Mixed Platforms.Build.0 = Debug|Win32
		{C2051D9C-D256-458A-9192-126D074F1EFD}.Debug_Cairo|Win32.ActiveCfg = Debug|Win32
		{C2051D9C-D256-458A-9192-126D074F1EFD}.Debug_Cairo|Win32.Build.0 = Debug|Win32
		{C2051D9C-D256-458A-9192-126D074F1EFD}.Debug|Any CPU.ActiveCfg = Debug|Win32
		{C2051D9C-D256-458A-9192-126D074F1EFD}.Debug|Mixed Platforms.ActiveCfg = Debug|Win32
		{C2051D9C-D256-458A-9192-126D074F1EFD}.Debug|Mixed Platforms.Build.0 = Debug|Win32
		{C2051D9C-D256-458A-9192-126D074F1EFD}.Debug|Win32.ActiveCfg = Debug|Win32
		{C2051D9C-D256-458A-9192-126D074F1EFD}.Debug|Win32.Build.0 = Debug|Win32
		{C2051D9C-D256-458A-9192-126D074F1EFD}.Release_Cairo|Any CPU.ActiveCfg = Release|Win32
		{C2051D9C-D256-458A-9192-126D074F1EFD}.Release_Cairo|Mixed Platforms.ActiveCfg = Release|Win32
		{C2051D9C-D256-458A-9192-126D074F1EFD}.Release_Cairo|Mixed Platforms.Build.0 = Release|Win32
		{C2051D9C-D256-458A-9192-126D074F1EFD}.Release_Cairo|Win32.ActiveCfg = Release|Win32
		{C2051D9C-D256-458A-9192-126D074F1EFD}.Release_Cairo|Win32.Build.0 = Release|Win32
		{C2051D9C-D256-458A-9192-126D074F1EFD}.Release|Any CPU.ActiveCfg = Release|Win32
		{C2051D9C-D256-458A-9192-126D074F1EFD}.Release|Mixed Platforms.ActiveCfg = Release|Win32
		{C2051D9C-D256-458A-9192-126D074F1EFD}.Release|Mixed Platforms.Build.0 = Release|Win32
		{C2051D9C-D256-458A-9192-126D074F1EFD}.Release|Win32.ActiveCfg = Release|Win32
		{C2051D9C-D256-458A-9192-126D074F1EFD}.Release|Win32.Build.0 = Release|Win32
		{1B29ED8B-2374-469E-9C94-00BC95E4FD5B}.Debug_Cairo|Any CPU.ActiveCfg = Debug|Win32
		{1B29ED8B-2374-469E-9C94-00BC95E4FD5B}.Debug_Cairo|Mixed Platforms.ActiveCfg = Debug|Win32
		{1B29ED8B-2374-469E-9C94-00BC95E4FD5B}.Debug_Cairo|Mixed Platforms.Build.0 = Debug|Win32
		{1B29ED8B-2374-469E-9C94-00BC95E4FD5B}.Debug_Cairo|Win32.ActiveCfg = Debug|Win32
		{1B29ED8B-2374-469E-9C94-00BC95E4FD5B}.Debug_Cairo|Win32.Build.0 = Debug|Win32
		{1B29ED8B-2374-469E-9C94-00BC95E4FD5B}.Debug|Any CPU.ActiveCfg = Debug|Win32
		{1B29ED8B-2374-469E-9C94-00BC95E4FD5B}.Debug|Mixed Platforms.ActiveCfg = Debug|Win32
		{1B29ED8B-2374-469E-9C94-00BC95E4FD5B}.Debug|Mixed Platforms.Build.0 = Debug|Win32
		{1B29ED8B-2374-469E-9C94-00BC95E4FD5B}.Debug|Win32.ActiveCfg = Debug|Win32
		{1B29ED8B-2374-469E-9C94-00BC95E4FD5B}.Debug|Win32.Build.0 = Debug|Win32
		{1B29ED8B-2374-469E-9C94-00BC95E4FD5B}.Release_Cairo|Any CPU.ActiveCfg = Release|Win32
		{1B29ED8B-2374-469E-9C94-00BC95E4FD5B}.Release_Cairo|Mixed Platforms.ActiveCfg = Release|Win32
		{1B29ED8B-2374-469E-9C94-00BC95E4FD5B}.Release_Cairo|Mixed Platforms.Build.0 = Release|Win32
		{1B29ED8B-2374-469E-9C94-00BC95E4FD5B}.Release_Cairo|Win32.ActiveCfg = Release|Win32
		{1B29ED8B-2374-469E-9C94-00BC95E4FD5B}.Release_Cairo|Win32.Build.0 = Release|Win32
		{1B29ED8B-2374-469E-9C94-00BC95E4FD5B}.Release|Any CPU.ActiveCfg = Release|Win32
		{1B29ED8B-2374-469E-9C94-00BC95E4FD5B}.Release|Mixed Platforms.ActiveCfg = Release|Win32
		{1B29ED8B-2374-469E-9C94-00BC95E4FD5B}.Release|Mixed Platforms.Build.0 = Release|Win32
		{1B29ED8B-2374-469E-9C94-00BC95E4FD5B}.Release|Win32.ActiveCfg = Release|Win32
		{1B29ED8B-2374-469E-9C94-00BC95E4FD5B}.Release|Win32.Build.0 = Release|Win32
		{598635F0-5D26-4C6B-85B5-F6904DB3EB83}.Debug_Cairo|Any CPU.ActiveCfg = Debug|Win32
		{598635F0-5D26-4C6B-85B5-F6904DB3EB83}.Debug_Cairo|Mixed Platforms.ActiveCfg = Debug|Win32
		{598635F0-5D26-4C6B-85B5-F6904DB3EB83}.Debug_Cairo|Mixed Platforms.Build.0 = Debug|Win32
		{598635F0-5D26-4C6B-85B5-F6904DB3EB83}.Debug_Cairo|Win32.ActiveCfg = Debug|Win32
		{598635F0-5D26-4C6B-85B5-F6904DB3EB83}.Debug_Cairo|Win32.Build.0 = Debug|Win32
		{598635F0-5D26-4C6B-85B5-F6904DB3EB83}.Debug|Any CPU.ActiveCfg = Debug|Win32
		{598635F0-5D26-4C6B-85B5-F6904DB3EB83}.Debug|Mixed Platforms.ActiveCfg = Debug|Win32
		{598635F0-5D26-4C6B-85B5-F6904DB3EB83}.Debug|Mixed Platforms.Build.0 = Debug|Win32
		{598635F0-5D26-4C6B-85B5-F6904DB3EB83}.Debug|Win32.ActiveCfg = Debug|Win32
		{598635F0-5D26-4C6B-85B5-F6904DB3EB83}.Debug|Win32.Build.0 = Debug|Win32
		{598635F0-5D26-4C6B-85B5-F6904DB3EB83}.Release_Cairo|Any CPU.ActiveCfg = Release|Win32
		{598635F0-5D26-4C6B-85B5-F6904DB3EB83}.Release_Cairo|Mixed Platforms.ActiveCfg = Release|Win32
		{598635F0-5D26-4C6B-85B5-F6904DB3EB83}.Release_Cairo|Mixed Platforms.Build.0 = Release|Win32
		{598635F0-5D26-4C6B-85B5-F6904DB3EB83}.Release_Cairo|Win32.ActiveCfg = Release|Win32
		{598635F0-5D26-4C6B-85B5-F6904DB3EB83}.Release_Cairo|Win32.Build.0 = Release|Win32
		{598635F0-5D26-4C6B-85B5-F6904DB3EB83}.Release|Any CPU.ActiveCfg = Release|Win32
		{598635F0-5D26-4C6B-85B5-F6904DB3EB83}.Release|Mixed Platforms.ActiveCfg = Release|Win32
		{598635F0-5D26-4C6B-85B5-F6904DB3EB83}.Release|Mixed Platforms.Build.0 = Release|Win32
		{598635F0-5D26-4C6B-85B5-F6904DB3EB83}.Release|Win32.ActiveCfg = Release|Win32
		{598635F0-5D26-4C6B-85B5-F6904DB3EB83}.Release|Win32.Build.0 = Release|Win32
		{0008960E-E0DD-41A6-8265-00B31DDB4C21}.Debug_Cairo|Any CPU.ActiveCfg = DLL VB|Win32
		{0008960E-E0DD-41A6-8265-00B31DDB4C21}.Debug_Cairo|Mixed Platforms.ActiveCfg = DLL Debug|Win32
		{0008960E-E0DD-41A6-8265-00B31DDB4C21}.Debug_Cairo|Mixed Platforms.Build.0 = DLL Debug|Win32
		{0008960E-E0DD-41A6-8265-00B31DDB4C21}.Debug_Cairo|Win32.ActiveCfg = DLL Debug|Win32
		{0008960E-E0DD-41A6-8265-00B31DDB4C21}.Debug_Cairo|Win32.Build.0 = DLL Debug|Win32
		{0008960E-E0DD-41A6-8265-00B31DDB4C21}.Debug|Any CPU.ActiveCfg = DLL VB|Win32
		{0008960E-E0DD-41A6-8265-00B31DDB4C21}.Debug|Mixed Platforms.ActiveCfg = DLL VB|Win32
		{0008960E-E0DD-41A6-8265-00B31DDB4C21}.Debug|Mixed Platforms.Build.0 = DLL VB|Win32
		{0008960E-E0DD-41A6-8265-00B31DDB4C21}.Debug|Win32.ActiveCfg = DLL Debug|Win32
		{0008960E-E0DD-41A6-8265-00B31DDB4C21}.Debug|Win32.Build.0 = DLL Debug|Win32
		{0008960E-E0DD-41A6-8265-00B31DDB4C21}.Release_Cairo|Any CPU.ActiveCfg = LIB ASM Debug|Win32
		{0008960E-E0DD-41A6-8265-00B31DDB4C21}.Release_Cairo|Mixed Platforms.ActiveCfg = DLL Release|Win32
		{0008960E-E0DD-41A6-8265-00B31DDB4C21}.Release_Cairo|Mixed Platforms.Build.0 = DLL Release|Win32
		{0008960E-E0DD-41A6-8265-00B31DDB4C21}.Release_Cairo|Win32.ActiveCfg = DLL Release|Win32
		{0008960E-E0DD-41A6-8265-00B31DDB4C21}.Release_Cairo|Win32.Build.0 = DLL Release|Win32
		{0008960E-E0DD-41A6-8265-00B31DDB4C21}.Release|Any CPU.ActiveCfg = LIB ASM Debug|Win32
		{0008960E-E0DD-41A6-8265-00B31DDB4C21}.Release|Mixed Platforms.ActiveCfg = LIB ASM Debug|Win32
		{0008960E-E0DD-41A6-8265-00B31DDB4C21}.Release|Mixed Platforms.Build.0 = LIB ASM Debug|Win32
		{0008960E-E0DD-41A6-8265-00B31DDB4C21}.Release|Win32.ActiveCfg = DLL Release|Win32
		{0008960E-E0DD-41A6-8265-00B31DDB4C21}.Release|Win32.Build.0 = DLL Release|Win32
		{2D4F8105-7D21-454C-9932-B47CAB71A5C0}.Debug_Cairo|Any CPU.ActiveCfg = DLL ASM Debug|Win32
		{2D4F8105-7D21-454C-9932-B47CAB71A5C0}.Debug_Cairo|Mixed Platforms.ActiveCfg = DLL Debug|Win32
		{2D4F8105-7D21-454C-9932-B47CAB71A5C0}.Debug_Cairo|Mixed Platforms.Build.0 = DLL Debug|Win32
		{2D4F8105-7D21-454C-9932-B47CAB71A5C0}.Debug_Cairo|Win32.ActiveCfg = DLL Debug|Win32
		{2D4F8105-7D21-454C-9932-B47CAB71A5C0}.Debug_Cairo|Win32.Build.0 = DLL Debug|Win32
		{2D4F8105-7D21-454C-9932-B47CAB71A5C0}.Debug|Any CPU.ActiveCfg = DLL ASM Debug|Win32
		{2D4F8105-7D21-454C-9932-B47CAB71A5C0}.Debug|Mixed Platforms.ActiveCfg = DLL ASM Debug|Win32
		{2D4F8105-7D21-454C-9932-B47CAB71A5C0}.Debug|Mixed Platforms.Build.0 = DLL ASM Debug|Win32
		{2D4F8105-7D21-454C-9932-B47CAB71A5C0}.Debug|Win32.ActiveCfg = DLL Debug|Win32
		{2D4F8105-7D21-454C-9932-B47CAB71A5C0}.Debug|Win32.Build.0 = DLL Debug|Win32
		{2D4F8105-7D21-454C-9932-B47CAB71A5C0}.Release_Cairo|Any CPU.ActiveCfg = LIB ASM Debug|Win32
		{2D4F8105-7D21-454C-9932-B47CAB71A5C0}.Release_Cairo|Mixed Platforms.ActiveCfg = DLL Release|Win32
		{2D4F8105-7D21-454C-9932-B47CAB71A5C0}.Release_Cairo|Mixed Platforms.Build.0 = DLL Release|Win32
		{2D4F8105-7D21-454C-9932-B47CAB71A5C0}.Release_Cairo|Win32.ActiveCfg = DLL Release|Win32
		{2D4F8105-7D21-454C-9932-B47CAB71A5C0}.Release_Cairo|Win32.Build.0 = DLL Release|Win32
		{2D4F8105-7D21-454C-9932-B47CAB71A5C0}.Release|Any CPU.ActiveCfg = LIB ASM Debug|Win32
		{2D4F8105-7D21-454C-9932-B47CAB71A5C0}.Release|Mixed Platforms.ActiveCfg = LIB ASM Debug|Win32
		{2D4F8105-7D21-454C-9932-B47CAB71A5C0}.Release|Mixed Platforms.Build.0 = LIB ASM Debug|Win32
		{2D4F8105-7D21-454C-9932-B47CAB71A5C0}.Release|Win32.ActiveCfg = DLL Release|Win32
		{2D4F8105-7D21-454C-9932-B47CAB71A5C0}.Release|Win32.Build.0 = DLL Release|Win32
		{6E5ED061-69E9-4111-A70F-EA4309411132}.Debug_Cairo|Any CPU.ActiveCfg = Debug|Win32
		{6E5ED061-69E9-4111-A70F-EA4309411132}.Debug_Cairo|Mixed Platforms.ActiveCfg = Debug|Win32
		{6E5ED061-69E9-4111-A70F-EA4309411132}.Debug_Cairo|Mixed Platforms.Build.0 = Debug|Win32
		{6E5ED061-69E9-4111-A70F-EA4309411132}.Debug_Cairo|Win32.ActiveCfg = Debug|Win32
		{6E5ED061-69E9-4111-A70F-EA4309411132}.Debug_Cairo|Win32.Build.0 = Debug|Win32
		{6E5ED061-69E9-4111-A70F-EA4309411132}.Debug|Any CPU.ActiveCfg = Debug|Win32
		{6E5ED061-69E9-4111-A70F-EA4309411132}.Debug|Mixed Platforms.ActiveCfg = Debug|Win32
		{6E5ED061-69E9-4111-A70F-EA4309411132}.Debug|Mixed Platforms.Build.0 = Debug|Win32
		{6E5ED061-69E9-4111-A70F-EA4309411132}.Debug|Win32.ActiveCfg = Debug|Win32
		{6E5ED061-69E9-4111-A70F-EA4309411132}.Debug|Win32.Build.0 = Debug|Win32
		{6E5ED061-69E9-4111-A70F-EA4309411132}.Release_Cairo|Any CPU.ActiveCfg = Release|Win32
		{6E5ED061-69E9-4111-A70F-EA4309411132}.Release_Cairo|Mixed Platforms.ActiveCfg = Release|Win32
		{6E5ED061-69E9-4111-A70F-EA4309411132}.Release_Cairo|Mixed Platforms.Build.0 = Release|Win32
		{6E5ED061-69E9-4111-A70F-EA4309411132}.Release_Cairo|Win32.ActiveCfg = Release|Win32
		{6E5ED061-69E9-4111-A70F-EA4309411132}.Release_Cairo|Win32.Build.0 = Release|Win32
		{6E5ED061-69E9-4111-A70F-EA4309411132}.Release|Any CPU.ActiveCfg = Release|Win32
		{6E5ED061-69E9-4111-A70F-EA4309411132}.Release|Mixed Platforms.ActiveCfg = Release|Win32
		{6E5ED061-69E9-4111-A70F-EA4309411132}.Release|Mixed Platforms.Build.0 = Release|Win32
		{6E5ED061-69E9-4111-A70F-EA4309411132}.Release|Win32.ActiveCfg = Release|Win32
		{6E5ED061-69E9-4111-A70F-EA4309411132}.Release|Win32.Build.0 = Release|Win32
		{BD63D486-96DA-4DCD-876D-78F9CA39E7D0}.Debug_Cairo|Any CPU.ActiveCfg = Debug|Win32
		{BD63D486-96DA-4DCD-876D-78F9CA39E7D0}.Debug_Cairo|Mixed Platforms.ActiveCfg = Debug|Win32
		{BD63D486-96DA-4DCD-876D-78F9CA39E7D0}.Debug_Cairo|Mixed Platforms.Build.0 = Debug|Win32
		{BD63D486-96DA-4DCD-876D-78F9CA39E7D0}.Debug_Cairo|Win32.ActiveCfg = Debug|Win32
		{BD63D486-96DA-4DCD-876D-78F9CA39E7D0}.Debug_Cairo|Win32.Build.0 = Debug|Win32
		{BD63D486-96DA-4DCD-876D-78F9CA39E7D0}.Debug|Any CPU.ActiveCfg = Debug|Win32
		{BD63D486-96DA-4DCD-876D-78F9CA39E7D0}.Debug|Mixed Platforms.ActiveCfg = Debug|Win32
		{BD63D486-96DA-4DCD-876D-78F9CA39E7D0}.Debug|Mixed Platforms.Build.0 = Debug|Win32
		{BD63D486-96DA-4DCD-876D-78F9CA39E7D0}.Debug|Win32.ActiveCfg = Debug|Win32
		{BD63D486-96DA-4DCD-876D-78F9CA39E7D0}.Debug|Win32.Build.0 = Debug|Win32
		{BD63D486-96DA-4DCD-876D-78F9CA39E7D0}.Release_Cairo|Any CPU.ActiveCfg = Release|Win32
		{BD63D486-96DA-4DCD-876D-78F9CA39E7D0}.Release_Cairo|Mixed Platforms.ActiveCfg = Release|Win32
		{BD63D486-96DA-4DCD-876D-78F9CA39E7D0}.Release_Cairo|Mixed Platforms.Build.0 = Release|Win32
		{BD63D486-96DA-4DCD-876D-78F9CA39E7D0}.Release_Cairo|Win32.ActiveCfg = Release|Win32
		{BD63D486-96DA-4DCD-876D-78F9CA39E7D0}.Release_Cairo|Win32.Build.0 = Release|Win32
		{BD63D486-96DA-4DCD-876D-78F9CA39E7D0}.Release|Any CPU.ActiveCfg = Release|Win32
		{BD63D486-96DA-4DCD-876D-78F9CA39E7D0}.Release|Mixed Platforms.ActiveCfg = Release|Win32
		{BD63D486-96DA-4DCD-876D-78F9CA39E7D0}.Release|Mixed Platforms.Build.0 = Release|Win32
		{BD63D486-96DA-4DCD-876D-78F9CA39E7D0}.Release|Win32.ActiveCfg = Release|Win32
		{BD63D486-96DA-4DCD-876D-78F9CA39E7D0}.Release|Win32.Build.0 = Release|Win32
		{92F66EEF-4235-45A1-AB49-CB034A3A6F2C}.Debug_Cairo|Any CPU.ActiveCfg = Debug
		{92F66EEF-4235-45A1-AB49-CB034A3A6F2C}.Debug_Cairo|Any CPU.Build.0 = Debug
		{92F66EEF-4235-45A1-AB49-CB034A3A6F2C}.Debug_Cairo|Mixed Platforms.ActiveCfg = Debug
		{92F66EEF-4235-45A1-AB49-CB034A3A6F2C}.Debug_Cairo|Win32.ActiveCfg = Debug
		{92F66EEF-4235-45A1-AB49-CB034A3A6F2C}.Debug|Any CPU.ActiveCfg = Debug
		{92F66EEF-4235-45A1-AB49-CB034A3A6F2C}.Debug|Any CPU.Build.0 = Debug
		{92F66EEF-4235-45A1-AB49-CB034A3A6F2C}.Debug|Mixed Platforms.ActiveCfg = Debug
		{92F66EEF-4235-45A1-AB49-CB034A3A6F2C}.Debug|Mixed Platforms.Build.0 = Debug
		{92F66EEF-4235-45A1-AB49-CB034A3A6F2C}.Debug|Win32.ActiveCfg = Debug
		{92F66EEF-4235-45A1-AB49-CB034A3A6F2C}.Release_Cairo|Any CPU.ActiveCfg = Release
		{92F66EEF-4235-45A1-AB49-CB034A3A6F2C}.Release_Cairo|Any CPU.Build.0 = Release
		{92F66EEF-4235-45A1-AB49-CB034A3A6F2C}.Release_Cairo|Mixed Platforms.ActiveCfg = Release
		{92F66EEF-4235-45A1-AB49-CB034A3A6F2C}.Release_Cairo|Win32.ActiveCfg = Release
		{92F66EEF-4235-45A1-AB49-CB034A3A6F2C}.Release|Any CPU.ActiveCfg = Release
		{92F66EEF-4235-45A1-AB49-CB034A3A6F2C}.Release|Any CPU.Build.0 = Release
		{92F66EEF-4235-45A1-AB49-CB034A3A6F2C}.Release|Mixed Platforms.ActiveCfg = Release
		{92F66EEF-4235-45A1-AB49-CB034A3A6F2C}.Release|Mixed Platforms.Build.0 = Release
		{92F66EEF-4235-45A1-AB49-CB034A3A6F2C}.Release|Win32.ActiveCfg = Release
		{D979B173-CF86-4BD8-B95B-F60F3CBD8BDD}.Debug_Cairo|Any CPU.ActiveCfg = Debug|Win32
		{D979B173-CF86-4BD8-B95B-F60F3CBD8BDD}.Debug_Cairo|Mixed Platforms.ActiveCfg = Debug|Win32
		{D979B173-CF86-4BD8-B95B-F60F3CBD8BDD}.Debug_Cairo|Mixed Platforms.Build.0 = Debug|Win32
		{D979B173-CF86-4BD8-B95B-F60F3CBD8BDD}.Debug_Cairo|Win32.ActiveCfg = Debug|Win32
		{D979B173-CF86-4BD8-B95B-F60F3CBD8BDD}.Debug_Cairo|Win32.Build.0 = Debug|Win32
		{D979B173-CF86-4BD8-B95B-F60F3CBD8BDD}.Debug|Any CPU.ActiveCfg = Debug|Win32
		{D979B173-CF86-4BD8-B95B-F60F3CBD8BDD}.Debug|Mixed Platforms.ActiveCfg = Debug|Win32
		{D979B173-CF86-4BD8-B95B-F60F3CBD8BDD}.Debug|Mixed Platforms.Build.0 = Debug|Win32
		{D979B173-CF86-4BD8-B95B-F60F3CBD8BDD}.Debug|Win32.ActiveCfg = Debug|Win32
		{D979B173-CF86-4BD8-B95B-F60F3CBD8BDD}.Debug|Win32.Build.0 = Debug|Win32
		{D979B173-CF86-4BD8-B95B-F60F3CBD8BDD}.Release_Cairo|Any CPU.ActiveCfg = Release|Win32
		{D979B173-CF86-4BD8-B95B-F60F3CBD8BDD}.Release_Cairo|Mixed Platforms.ActiveCfg = Release|Win32
		{D979B173-CF86-4BD8-B95B-F60F3CBD8BDD}.Release_Cairo|Mixed Platforms.Build.0 = Release|Win32
		{D979B173-CF86-4BD8-B95B-F60F3CBD8BDD}.Release_Cairo|Win32.ActiveCfg = Release|Win32
		{D979B173-CF86-4BD8-B95B-F60F3CBD8BDD}.Release_Cairo|Win32.Build.0 = Release|Win32
		{D979B173-CF86-4BD8-B95B-F60F3CBD8BDD}.Release|Any CPU.ActiveCfg = Release|Win32
		{D979B173-CF86-4BD8-B95B-F60F3CBD8BDD}.Release|Mixed Platforms.ActiveCfg = Release|Win32
		{D979B173-CF86-4BD8-B95B-F60F3CBD8BDD}.Release|Mixed Platforms.Build.0 = Release|Win32
		{D979B173-CF86-4BD8-B95B-F60F3CBD8BDD}.Release|Win32.ActiveCfg = Release|Win32
		{D979B173-CF86-4BD8-B95B-F60F3CBD8BDD}.Release|Win32.Build.0 = Release|Win32
		{178E2473-AE13-41FE-A573-F46A64AFD2D2}.Debug_Cairo|Any CPU.ActiveCfg = Debug|Win32
		{178E2473-AE13-41FE-A573-F46A64AFD2D2}.Debug_Cairo|Mixed Platforms.ActiveCfg = Debug|Win32
		{178E2473-AE13-41FE-A573-F46A64AFD2D2}.Debug_Cairo|Mixed Platforms.Build.0 = Debug|Win32
		{178E2473-AE13-41FE-A573-F46A64AFD2D2}.Debug_Cairo|Win32.ActiveCfg = Debug|Win32
		{178E2473-AE13-41FE-A573-F46A64AFD2D2}.Debug_Cairo|Win32.Build.0 = Debug|Win32
		{178E2473-AE13-41FE-A573-F46A64AFD2D2}.Debug|Any CPU.ActiveCfg = Debug|Win32
		{178E2473-AE13-41FE-A573-F46A64AFD2D2}.Debug|Mixed Platforms.ActiveCfg = Debug|Win32
		{178E2473-AE13-41FE-A573-F46A64AFD2D2}.Debug|Mixed Platforms.Build.0 = Debug|Win32
		{178E2473-AE13-41FE-A573-F46A64AFD2D2}.Debug|Win32.ActiveCfg = Debug|Win32
		{178E2473-AE13-41FE-A573-F46A64AFD2D2}.Debug|Win32.Build.0 = Debug|Win32
		{178E2473-AE13-41FE-A573-F46A64AFD2D2}.Release_Cairo|Any CPU.ActiveCfg = Release|Win32
		{178E2473-AE13-41FE-A573-F46A64AFD2D2}.Release_Cairo|Mixed Platforms.ActiveCfg = Release|Win32
		{178E2473-AE13-41FE-A573-F46A64AFD2D2}.Release_Cairo|Mixed Platforms.Build.0 = Release|Win32
		{178E2473-AE13-41FE-A573-F46A64AFD2D2}.Release_Cairo|Win32.ActiveCfg = Release|Win32
		{178E2473-AE13-41FE-A573-F46A64AFD2D2}.Release_Cairo|Win32.Build.0 = Release|Win32
		{178E2473-AE13-41FE-A573-F46A64AFD2D2}.Release|Any CPU.ActiveCfg = Release|Win32
		{178E2473-AE13-41FE-A573-F46A64AFD2D2}.Release|Mixed Platforms.ActiveCfg = Release|Win32
		{178E2473-AE13-41FE-A573-F46A64AFD2D2}.Release|Mixed Platforms.Build.0 = Release|Win32
		{178E2473-AE13-41FE-A573-F46A64AFD2D2}.Release|Win32.ActiveCfg = Release|Win32
		{178E2473-AE13-41FE-A573-F46A64AFD2D2}.Release|Win32.Build.0 = Release|Win32
		{38754DFC-AA6C-4990-B9E6-6D6B11D1F046}.Debug_Cairo|Any CPU.ActiveCfg = Debug|Win32
		{38754DFC-AA6C-4990-B9E6-6D6B11D1F046}.Debug_Cairo|Mixed Platforms.ActiveCfg = Debug|Win32
		{38754DFC-AA6C-4990-B9E6-6D6B11D1F046}.Debug_Cairo|Mixed Platforms.Build.0 = Debug|Win32
		{38754DFC-AA6C-4990-B9E6-6D6B11D1F046}.Debug_Cairo|Win32.ActiveCfg = Debug|Win32
		{38754DFC-AA6C-4990-B9E6-6D6B11D1F046}.Debug_Cairo|Win32.Build.0 = Debug|Win32
		{38754DFC-AA6C-4990-B9E6-6D6B11D1F046}.Debug|Any CPU.ActiveCfg = Debug|Win32
		{38754DFC-AA6C-4990-B9E6-6D6B11D1F046}.Debug|Mixed Platforms.ActiveCfg = Debug|Win32
		{38754DFC-AA6C-4990-B9E6-6D6B11D1F046}.Debug|Mixed Platforms.Build.0 = Debug|Win32
		{38754DFC-AA6C-4990-B9E6-6D6B11D1F046}.Debug|Win32.ActiveCfg = Debug|Win32
		{38754DFC-AA6C-4990-B9E6-6D6B11D1F046}.Debug|Win32.Build.0 = Debug|Win32
		{38754DFC-AA6C-4990-B9E6-6D6B11D1F046}.Release_Cairo|Any CPU.ActiveCfg = Release|Win32
		{38754DFC-AA6C-4990-B9E6-6D6B11D1F046}.Release_Cairo|Mixed Platforms.ActiveCfg = Release|Win32
		{38754DFC-AA6C-4990-B9E6-6D6B11D1F046}.Release_Cairo|Mixed Platforms.Build.0 = Release|Win32
		{38754DFC-AA6C-4990-B9E6-6D6B11D1F046}.Release_Cairo|Win32.ActiveCfg = Release|Win32
		{38754DFC-AA6C-4990-B9E6-6D6B11D1F046}.Release_Cairo|Win32.Build.0 = Release|Win32
		{38754DFC-AA6C-4990-B9E6-6D6B11D1F046}.Release|Any CPU.ActiveCfg = Release|Win32
		{38754DFC-AA6C-4990-B9E6-6D6B11D1F046}.Release|Mixed Platforms.ActiveCfg = Release|Win32
		{38754DFC-AA6C-4990-B9E6-6D6B11D1F046}.Release|Mixed Platforms.Build.0 = Release|Win32
		{38754DFC-AA6C-4990-B9E6-6D6B11D1F046}.Release|Win32.ActiveCfg = Release|Win32
		{38754DFC-AA6C-4990-B9E6-6D6B11D1F046}.Release|Win32.Build.0 = Release|Win32
		{C051CC09-D1E1-4C28-A9B7-EE3B1607CC80}.Debug_Cairo|Any CPU.ActiveCfg = Debug|Win32
		{C051CC09-D1E1-4C28-A9B7-EE3B1607CC80}.Debug_Cairo|Mixed Platforms.ActiveCfg = Debug|Win32
		{C051CC09-D1E1-4C28-A9B7-EE3B1607CC80}.Debug_Cairo|Mixed Platforms.Build.0 = Debug|Win32
		{C051CC09-D1E1-4C28-A9B7-EE3B1607CC80}.Debug_Cairo|Win32.ActiveCfg = Debug|Win32
		{C051CC09-D1E1-4C28-A9B7-EE3B1607CC80}.Debug_Cairo|Win32.Build.0 = Debug|Win32
		{C051CC09-D1E1-4C28-A9B7-EE3B1607CC80}.Debug|Any CPU.ActiveCfg = Debug|Win32
		{C051CC09-D1E1-4C28-A9B7-EE3B1607CC80}.Debug|Mixed Platforms.ActiveCfg = Debug|Win32
		{C051CC09-D1E1-4C28-A9B7-EE3B1607CC80}.Debug|Mixed Platforms.Build.0 = Debug|Win32
		{C051CC09-D1E1-4C28-A9B7-EE3B1607CC80}.Debug|Win32.ActiveCfg = Debug|Win32
		{C051CC09-D1E1-4C28-A9B7-EE3B1607CC80}.Debug|Win32.Build.0 = Debug|Win32
		{C051CC09-D1E1-4C28-A9B7-EE3B1607CC80}.Release_Cairo|Any CPU.ActiveCfg = Release|Win32
		{C051CC09-D1E1-4C28-A9B7-EE3B1607CC80}.Release_Cairo|Mixed Platforms.ActiveCfg = Release|Win32
		{C051CC09-D1E1-4C28-A9B7-EE3B1607CC80}.Release_Cairo|Mixed Platforms.Build.0 = Release|Win32
		{C051CC09-D1E1-4C28-A9B7-EE3B1607CC80}.Release_Cairo|Win32.ActiveCfg = Release|Win32
		{C051CC09-D1E1-4C28-A9B7-EE3B1607CC80}.Release_Cairo|Win32.Build.0 = Release|Win32
		{C051CC09-D1E1-4C28-A9B7-EE3B1607CC80}.Release|Any CPU.ActiveCfg = Release|Win32
		{C051CC09-D1E1-4C28-A9B7-EE3B1607CC80}.Release|Mixed Platforms.ActiveCfg = Release|Win32
		{C051CC09-D1E1-4C28-A9B7-EE3B1607CC80}.Release|Mixed Platforms.Build.0 = Release|Win32
		{C051CC09-D1E1-4C28-A9B7-EE3B1607CC80}.Release|Win32.ActiveCfg = Release|Win32
		{C051CC09-D1E1-4C28-A9B7-EE3B1607CC80}.Release|Win32.Build.0 = Release|Win32
	EndGlobalSection
	GlobalSection(SolutionProperties) = preSolution
		HideSolutionNode = FALSE
	EndGlobalSection
	GlobalSection(NestedProjects) = preSolution
		{D979B173-CF86-4BD8-B95B-F60F3CBD8BDD} = {1ED7220A-FBA4-4007-B372-5B52971BEB72}
		{178E2473-AE13-41FE-A573-F46A64AFD2D2} = {1ED7220A-FBA4-4007-B372-5B52971BEB72}
		{38754DFC-AA6C-4990-B9E6-6D6B11D1F046} = {1ED7220A-FBA4-4007-B372-5B52971BEB72}
		{C051CC09-D1E1-4C28-A9B7-EE3B1607CC80} = {1ED7220A-FBA4-4007-B372-5B52971BEB72}
	EndGlobalSection
EndGlobal
